// !$*UTF8*$!
{
	archiveVersion = 1;
	classes = {
	};
	objectVersion = 56;
	objects = {

/* Begin PBXBuildFile section */
		A0000001 /* GitBoardApp.swift in Sources */ = {isa = PBXBuildFile; fileRef = A1000001 /* GitBoardApp.swift */; };
		A0000002 /* Project.swift in Sources */ = {isa = PBXBuildFile; fileRef = A1000002 /* Project.swift */; };
		A0000003 /* ProjectItem.swift in Sources */ = {isa = PBXBuildFile; fileRef = A1000003 /* ProjectItem.swift */; };
		A0000004 /* StatusOption.swift in Sources */ = {isa = PBXBuildFile; fileRef = A1000004 /* StatusOption.swift */; };
		A0000005 /* GitHubService.swift in Sources */ = {isa = PBXBuildFile; fileRef = A1000005 /* GitHubService.swift */; };
		A0000006 /* GraphQLQueries.swift in Sources */ = {isa = PBXBuildFile; fileRef = A1000006 /* GraphQLQueries.swift */; };
		A0000007 /* NotificationService.swift in Sources */ = {isa = PBXBuildFile; fileRef = A1000007 /* NotificationService.swift */; };
		A0000008 /* ProjectStore.swift in Sources */ = {isa = PBXBuildFile; fileRef = A1000008 /* ProjectStore.swift */; };
		A0000009 /* MenuBarPopoverView.swift in Sources */ = {isa = PBXBuildFile; fileRef = A1000009 /* MenuBarPopoverView.swift */; };
		A0000010 /* ProjectSelectorView.swift in Sources */ = {isa = PBXBuildFile; fileRef = A1000010 /* ProjectSelectorView.swift */; };
		A0000012 /* KanbanBoardView.swift in Sources */ = {isa = PBXBuildFile; fileRef = A1000012 /* KanbanBoardView.swift */; };
		A0000015 /* OperationErrorBanner.swift in Sources */ = {isa = PBXBuildFile; fileRef = A1000015 /* OperationErrorBanner.swift */; };
		A0000019 /* SettingsView.swift in Sources */ = {isa = PBXBuildFile; fileRef = A1000019 /* SettingsView.swift */; };
		A0000020 /* UpdateController.swift in Sources */ = {isa = PBXBuildFile; fileRef = A1000020 /* UpdateController.swift */; };
		A0000021 /* Sparkle in Frameworks */ = {isa = PBXBuildFile; productRef = A6000001 /* Sparkle */; };
		A0000022 /* GitHubCommandRunner.swift in Sources */ = {isa = PBXBuildFile; fileRef = A1000022 /* GitHubCommandRunner.swift */; };
		A0000023 /* Services/GitHubServiceTests.swift in Sources */ = {isa = PBXBuildFile; fileRef = A1000023 /* Services/GitHubServiceTests.swift */; };
		A0000025 /* AddProjectItemView.swift in Sources */ = {isa = PBXBuildFile; fileRef = A1000025 /* AddProjectItemView.swift */; };
		A0000026 /* ItemInspectorView.swift in Sources */ = {isa = PBXBuildFile; fileRef = A1000026 /* ItemInspectorView.swift */; };
		A0000027 /* ProjectCache.swift in Sources */ = {isa = PBXBuildFile; fileRef = A1000027 /* ProjectCache.swift */; };
		A0000028 /* MyWork.swift in Sources */ = {isa = PBXBuildFile; fileRef = A1000028 /* MyWork.swift */; };
		A0000029 /* MyWorkStore.swift in Sources */ = {isa = PBXBuildFile; fileRef = A1000029 /* MyWorkStore.swift */; };
		A0000030 /* MainWorkspaceView.swift in Sources */ = {isa = PBXBuildFile; fileRef = A1000030 /* MainWorkspaceView.swift */; };
		A0000031 /* MyWorkView.swift in Sources */ = {isa = PBXBuildFile; fileRef = A1000031 /* MyWorkView.swift */; };
		A0000032 /* GitBoardModel.swift in Sources */ = {isa = PBXBuildFile; fileRef = A1000032 /* GitBoardModel.swift */; };
		A0000033 /* Monitoring.swift in Sources */ = {isa = PBXBuildFile; fileRef = A1000033 /* Monitoring.swift */; };
		A0000034 /* ProjectMonitor.swift in Sources */ = {isa = PBXBuildFile; fileRef = A1000034 /* ProjectMonitor.swift */; };
		A0000035 /* QuickCreate.swift in Sources */ = {isa = PBXBuildFile; fileRef = A1000035 /* QuickCreate.swift */; };
		A0000036 /* GlobalHotKeyController.swift in Sources */ = {isa = PBXBuildFile; fileRef = A1000036 /* GlobalHotKeyController.swift */; };
		A0000037 /* EngineeringSignalsView.swift in Sources */ = {isa = PBXBuildFile; fileRef = A1000037 /* EngineeringSignalsView.swift */; };
		A0000038 /* CommandPaletteView.swift in Sources */ = {isa = PBXBuildFile; fileRef = A1000038 /* CommandPaletteView.swift */; };
		A0000039 /* ProjectItemDetail.swift in Sources */ = {isa = PBXBuildFile; fileRef = A1000039 /* ProjectItemDetail.swift */; };
		A0000040 /* ItemDescriptionView.swift in Sources */ = {isa = PBXBuildFile; fileRef = A1000040 /* ItemDescriptionView.swift */; };
		A0000041 /* ItemPropertiesView.swift in Sources */ = {isa = PBXBuildFile; fileRef = A1000041 /* ItemPropertiesView.swift */; };
		A0000042 /* ProjectFieldEditor.swift in Sources */ = {isa = PBXBuildFile; fileRef = A1000042 /* ProjectFieldEditor.swift */; };
		A0000043 /* GitHubHTMLBodyView.swift in Sources */ = {isa = PBXBuildFile; fileRef = A1000043 /* GitHubHTMLBodyView.swift */; };
		A0000044 /* WorkspaceCommandContext.swift in Sources */ = {isa = PBXBuildFile; fileRef = A1000044 /* WorkspaceCommandContext.swift */; };
		A0000045 /* KanbanCardContextMenu.swift in Sources */ = {isa = PBXBuildFile; fileRef = A1000045 /* KanbanCardContextMenu.swift */; };
		A0000046 /* KanbanCardContent.swift in Sources */ = {isa = PBXBuildFile; fileRef = A1000046 /* KanbanCardContent.swift */; };
		A0000047 /* AppIcon.icon in Resources */ = {isa = PBXBuildFile; fileRef = A1000047 /* AppIcon.icon */; };
		A0000048 /* StatusColumnFilterView.swift in Sources */ = {isa = PBXBuildFile; fileRef = A1000048 /* StatusColumnFilterView.swift */; };
		A0000049 /* MenuBarItemRow.swift in Sources */ = {isa = PBXBuildFile; fileRef = A1000049 /* MenuBarItemRow.swift */; };
		A0000050 /* KanbanItemViews.swift in Sources */ = {isa = PBXBuildFile; fileRef = A1000050 /* KanbanItemViews.swift */; };
		A0000051 /* IssueRelationEditorView.swift in Sources */ = {isa = PBXBuildFile; fileRef = A1000051 /* IssueRelationEditorView.swift */; };
		A0000052 /* AutomationService.swift in Sources */ = {isa = PBXBuildFile; fileRef = A1000052 /* AutomationService.swift */; };
		A0000053 /* ManagementTokenStore.swift in Sources */ = {isa = PBXBuildFile; fileRef = A1000053 /* ManagementTokenStore.swift */; };
		A0000054 /* AutomationSetupModel.swift in Sources */ = {isa = PBXBuildFile; fileRef = A1000054 /* AutomationSetupModel.swift */; };
		A0000055 /* AutomationSettingsView.swift in Sources */ = {isa = PBXBuildFile; fileRef = A1000055 /* AutomationSettingsView.swift */; };
		A0000056 /* AutomationConfigurationForm.swift in Sources */ = {isa = PBXBuildFile; fileRef = A1000056 /* AutomationConfigurationForm.swift */; };
		A0000057 /* StatusOptionPicker.swift in Sources */ = {isa = PBXBuildFile; fileRef = A1000057 /* StatusOptionPicker.swift */; };
		A0000058 /* AutomationConnectionList.swift in Sources */ = {isa = PBXBuildFile; fileRef = A1000058 /* AutomationConnectionList.swift */; };
		A0000059 /* Store/AutomationSetupModelTests.swift in Sources */ = {isa = PBXBuildFile; fileRef = A1000059 /* Store/AutomationSetupModelTests.swift */; };
/* End PBXBuildFile section */

/* Begin PBXContainerItemProxy section */
		A7000000 /* PBXContainerItemProxy */ = {
			isa = PBXContainerItemProxy;
			containerPortal = A4000000 /* Project object */;
			proxyType = 1;
			remoteGlobalIDString = A4000001;
			remoteInfo = GitBoard;
		};
/* End PBXContainerItemProxy section */

/* Begin PBXFileReference section */
		A1000000 /* GitBoard.app */ = {isa = PBXFileReference; explicitFileType = wrapper.application; includeInIndex = 0; path = GitBoard.app; sourceTree = BUILT_PRODUCTS_DIR; };
		A1000001 /* GitBoardApp.swift */ = {isa = PBXFileReference; lastKnownFileType = sourcecode.swift; path = GitBoardApp.swift; sourceTree = "<group>"; };
		A1000002 /* Project.swift */ = {isa = PBXFileReference; lastKnownFileType = sourcecode.swift; path = Project.swift; sourceTree = "<group>"; };
		A1000003 /* ProjectItem.swift */ = {isa = PBXFileReference; lastKnownFileType = sourcecode.swift; path = ProjectItem.swift; sourceTree = "<group>"; };
		A1000004 /* StatusOption.swift */ = {isa = PBXFileReference; lastKnownFileType = sourcecode.swift; path = StatusOption.swift; sourceTree = "<group>"; };
		A1000005 /* GitHubService.swift */ = {isa = PBXFileReference; lastKnownFileType = sourcecode.swift; path = GitHubService.swift; sourceTree = "<group>"; };
		A1000006 /* GraphQLQueries.swift */ = {isa = PBXFileReference; lastKnownFileType = sourcecode.swift; path = GraphQLQueries.swift; sourceTree = "<group>"; };
		A1000007 /* NotificationService.swift */ = {isa = PBXFileReference; lastKnownFileType = sourcecode.swift; path = NotificationService.swift; sourceTree = "<group>"; };
		A1000008 /* ProjectStore.swift */ = {isa = PBXFileReference; lastKnownFileType = sourcecode.swift; path = ProjectStore.swift; sourceTree = "<group>"; };
		A1000009 /* MenuBarPopoverView.swift */ = {isa = PBXFileReference; lastKnownFileType = sourcecode.swift; path = MenuBarPopoverView.swift; sourceTree = "<group>"; };
		A1000010 /* ProjectSelectorView.swift */ = {isa = PBXFileReference; lastKnownFileType = sourcecode.swift; path = ProjectSelectorView.swift; sourceTree = "<group>"; };
		A1000012 /* KanbanBoardView.swift */ = {isa = PBXFileReference; lastKnownFileType = sourcecode.swift; path = KanbanBoardView.swift; sourceTree = "<group>"; };
		A1000015 /* OperationErrorBanner.swift */ = {isa = PBXFileReference; lastKnownFileType = sourcecode.swift; path = OperationErrorBanner.swift; sourceTree = "<group>"; };
		A1000017 /* Info.plist */ = {isa = PBXFileReference; lastKnownFileType = text.plist.xml; path = Info.plist; sourceTree = "<group>"; };
		A1000018 /* GitBoard.entitlements */ = {isa = PBXFileReference; lastKnownFileType = text.plist.entitlements; path = GitBoard.entitlements; sourceTree = "<group>"; };
		A1000019 /* SettingsView.swift */ = {isa = PBXFileReference; lastKnownFileType = sourcecode.swift; path = SettingsView.swift; sourceTree = "<group>"; };
		A1000020 /* UpdateController.swift */ = {isa = PBXFileReference; lastKnownFileType = sourcecode.swift; path = UpdateController.swift; sourceTree = "<group>"; };
		A1000022 /* GitHubCommandRunner.swift */ = {isa = PBXFileReference; lastKnownFileType = sourcecode.swift; path = GitHubCommandRunner.swift; sourceTree = "<group>"; };
		A1000023 /* Services/GitHubServiceTests.swift */ = {isa = PBXFileReference; lastKnownFileType = sourcecode.swift; path = Services/GitHubServiceTests.swift; sourceTree = "<group>"; };
		A1000024 /* GitBoardTests.xctest */ = {isa = PBXFileReference; explicitFileType = wrapper.cfbundle; includeInIndex = 0; path = GitBoardTests.xctest; sourceTree = BUILT_PRODUCTS_DIR; };
		A1000025 /* AddProjectItemView.swift */ = {isa = PBXFileReference; lastKnownFileType = sourcecode.swift; path = AddProjectItemView.swift; sourceTree = "<group>"; };
		A1000026 /* ItemInspectorView.swift */ = {isa = PBXFileReference; lastKnownFileType = sourcecode.swift; path = ItemInspectorView.swift; sourceTree = "<group>"; };
		A1000027 /* ProjectCache.swift */ = {isa = PBXFileReference; lastKnownFileType = sourcecode.swift; path = ProjectCache.swift; sourceTree = "<group>"; };
		A1000028 /* MyWork.swift */ = {isa = PBXFileReference; lastKnownFileType = sourcecode.swift; path = MyWork.swift; sourceTree = "<group>"; };
		A1000029 /* MyWorkStore.swift */ = {isa = PBXFileReference; lastKnownFileType = sourcecode.swift; path = MyWorkStore.swift; sourceTree = "<group>"; };
		A1000030 /* MainWorkspaceView.swift */ = {isa = PBXFileReference; lastKnownFileType = sourcecode.swift; path = MainWorkspaceView.swift; sourceTree = "<group>"; };
		A1000031 /* MyWorkView.swift */ = {isa = PBXFileReference; lastKnownFileType = sourcecode.swift; path = MyWorkView.swift; sourceTree = "<group>"; };
		A1000032 /* GitBoardModel.swift */ = {isa = PBXFileReference; lastKnownFileType = sourcecode.swift; path = GitBoardModel.swift; sourceTree = "<group>"; };
		A1000033 /* Monitoring.swift */ = {isa = PBXFileReference; lastKnownFileType = sourcecode.swift; path = Monitoring.swift; sourceTree = "<group>"; };
		A1000034 /* ProjectMonitor.swift */ = {isa = PBXFileReference; lastKnownFileType = sourcecode.swift; path = ProjectMonitor.swift; sourceTree = "<group>"; };
		A1000035 /* QuickCreate.swift */ = {isa = PBXFileReference; lastKnownFileType = sourcecode.swift; path = QuickCreate.swift; sourceTree = "<group>"; };
		A1000036 /* GlobalHotKeyController.swift */ = {isa = PBXFileReference; lastKnownFileType = sourcecode.swift; path = GlobalHotKeyController.swift; sourceTree = "<group>"; };
		A1000037 /* EngineeringSignalsView.swift */ = {isa = PBXFileReference; lastKnownFileType = sourcecode.swift; path = EngineeringSignalsView.swift; sourceTree = "<group>"; };
		A1000038 /* CommandPaletteView.swift */ = {isa = PBXFileReference; lastKnownFileType = sourcecode.swift; path = CommandPaletteView.swift; sourceTree = "<group>"; };
		A1000039 /* ProjectItemDetail.swift */ = {isa = PBXFileReference; lastKnownFileType = sourcecode.swift; path = ProjectItemDetail.swift; sourceTree = "<group>"; };
		A1000040 /* ItemDescriptionView.swift */ = {isa = PBXFileReference; lastKnownFileType = sourcecode.swift; path = ItemDescriptionView.swift; sourceTree = "<group>"; };
		A1000041 /* ItemPropertiesView.swift */ = {isa = PBXFileReference; lastKnownFileType = sourcecode.swift; path = ItemPropertiesView.swift; sourceTree = "<group>"; };
		A1000042 /* ProjectFieldEditor.swift */ = {isa = PBXFileReference; lastKnownFileType = sourcecode.swift; path = ProjectFieldEditor.swift; sourceTree = "<group>"; };
		A1000043 /* GitHubHTMLBodyView.swift */ = {isa = PBXFileReference; lastKnownFileType = sourcecode.swift; path = GitHubHTMLBodyView.swift; sourceTree = "<group>"; };
		A1000044 /* WorkspaceCommandContext.swift */ = {isa = PBXFileReference; lastKnownFileType = sourcecode.swift; path = WorkspaceCommandContext.swift; sourceTree = "<group>"; };
		A1000045 /* KanbanCardContextMenu.swift */ = {isa = PBXFileReference; lastKnownFileType = sourcecode.swift; path = KanbanCardContextMenu.swift; sourceTree = "<group>"; };
		A1000046 /* KanbanCardContent.swift */ = {isa = PBXFileReference; lastKnownFileType = sourcecode.swift; path = KanbanCardContent.swift; sourceTree = "<group>"; };
		A1000047 /* AppIcon.icon */ = {isa = PBXFileReference; lastKnownFileType = folder.iconcomposer.icon; path = AppIcon.icon; sourceTree = "<group>"; };
		A1000048 /* StatusColumnFilterView.swift */ = {isa = PBXFileReference; lastKnownFileType = sourcecode.swift; path = StatusColumnFilterView.swift; sourceTree = "<group>"; };
		A1000049 /* MenuBarItemRow.swift */ = {isa = PBXFileReference; lastKnownFileType = sourcecode.swift; path = MenuBarItemRow.swift; sourceTree = "<group>"; };
		A1000050 /* KanbanItemViews.swift */ = {isa = PBXFileReference; lastKnownFileType = sourcecode.swift; path = KanbanItemViews.swift; sourceTree = "<group>"; };
		A1000051 /* IssueRelationEditorView.swift */ = {isa = PBXFileReference; lastKnownFileType = sourcecode.swift; path = IssueRelationEditorView.swift; sourceTree = "<group>"; };
		A1000052 /* AutomationService.swift */ = {isa = PBXFileReference; lastKnownFileType = sourcecode.swift; path = AutomationService.swift; sourceTree = "<group>"; };
		A1000053 /* ManagementTokenStore.swift */ = {isa = PBXFileReference; lastKnownFileType = sourcecode.swift; path = ManagementTokenStore.swift; sourceTree = "<group>"; };
		A1000054 /* AutomationSetupModel.swift */ = {isa = PBXFileReference; lastKnownFileType = sourcecode.swift; path = AutomationSetupModel.swift; sourceTree = "<group>"; };
		A1000055 /* AutomationSettingsView.swift */ = {isa = PBXFileReference; lastKnownFileType = sourcecode.swift; path = AutomationSettingsView.swift; sourceTree = "<group>"; };
		A1000056 /* AutomationConfigurationForm.swift */ = {isa = PBXFileReference; lastKnownFileType = sourcecode.swift; path = AutomationConfigurationForm.swift; sourceTree = "<group>"; };
		A1000057 /* StatusOptionPicker.swift */ = {isa = PBXFileReference; lastKnownFileType = sourcecode.swift; path = StatusOptionPicker.swift; sourceTree = "<group>"; };
		A1000058 /* AutomationConnectionList.swift */ = {isa = PBXFileReference; lastKnownFileType = sourcecode.swift; path = AutomationConnectionList.swift; sourceTree = "<group>"; };
		A1000059 /* Store/AutomationSetupModelTests.swift */ = {isa = PBXFileReference; lastKnownFileType = sourcecode.swift; path = Store/AutomationSetupModelTests.swift; sourceTree = "<group>"; };
/* End PBXFileReference section */

/* Begin PBXFrameworksBuildPhase section */
		A2000001 /* Frameworks */ = {
			isa = PBXFrameworksBuildPhase;
			buildActionMask = 2147483647;
			files = (
				A0000021 /* Sparkle in Frameworks */,
			);
			runOnlyForDeploymentPostprocessing = 0;
		};
		A2000004 /* Frameworks */ = {
			isa = PBXFrameworksBuildPhase;
			buildActionMask = 2147483647;
			files = (
			);
			runOnlyForDeploymentPostprocessing = 0;
		};
/* End PBXFrameworksBuildPhase section */

/* Begin PBXGroup section */
		A3000000 = {
			isa = PBXGroup;
			children = (
				A3000001 /* GitBoard */,
				A3000013 /* GitBoardTests */,
				A3000010 /* Products */,
			);
			sourceTree = "<group>";
		};
		A3000001 /* GitBoard */ = {
			isa = PBXGroup;
			children = (
				A1000001 /* GitBoardApp.swift */,
				A1000044 /* WorkspaceCommandContext.swift */,
				A3000002 /* Models */,
				A3000003 /* Services */,
				A3000004 /* Store */,
				A3000005 /* Views */,
				A3000009 /* Resources */,
				A1000017 /* Info.plist */,
				A1000018 /* GitBoard.entitlements */,
			);
			path = GitBoard;
			sourceTree = "<group>";
		};
		A3000002 /* Models */ = {
			isa = PBXGroup;
			children = (
				A1000033 /* Monitoring.swift */,
				A1000035 /* QuickCreate.swift */,
				A1000028 /* MyWork.swift */,
				A1000002 /* Project.swift */,
				A1000003 /* ProjectItem.swift */,
				A1000039 /* ProjectItemDetail.swift */,
				A1000004 /* StatusOption.swift */,
			);
			path = Models;
			sourceTree = "<group>";
		};
		A3000003 /* Services */ = {
			isa = PBXGroup;
			children = (
				A1000052 /* AutomationService.swift */,
				A1000036 /* GlobalHotKeyController.swift */,
				A1000022 /* GitHubCommandRunner.swift */,
				A1000027 /* ProjectCache.swift */,
				A1000034 /* ProjectMonitor.swift */,
				A1000005 /* GitHubService.swift */,
				A1000006 /* GraphQLQueries.swift */,
				A1000007 /* NotificationService.swift */,
				A1000053 /* ManagementTokenStore.swift */,
				A1000020 /* UpdateController.swift */,
			);
			path = Services;
			sourceTree = "<group>";
		};
		A3000004 /* Store */ = {
			isa = PBXGroup;
			children = (
				A1000054 /* AutomationSetupModel.swift */,
				A1000032 /* GitBoardModel.swift */,
				A1000029 /* MyWorkStore.swift */,
				A1000008 /* ProjectStore.swift */,
			);
			path = Store;
			sourceTree = "<group>";
		};
		A3000005 /* Views */ = {
			isa = PBXGroup;
			children = (
				A3000014 /* MyWork */,
				A3000006 /* MenuBar */,
				A3000007 /* Kanban */,
				A3000008 /* Shared */,
				A3000011 /* Settings */,
			);
			path = Views;
			sourceTree = "<group>";
		};
		A3000006 /* MenuBar */ = {
			isa = PBXGroup;
			children = (
				A1000009 /* MenuBarPopoverView.swift */,
				A1000049 /* MenuBarItemRow.swift */,
				A1000010 /* ProjectSelectorView.swift */,
			);
			path = MenuBar;
			sourceTree = "<group>";
		};
		A3000007 /* Kanban */ = {
			isa = PBXGroup;
			children = (
				A1000012 /* KanbanBoardView.swift */,
				A1000050 /* KanbanItemViews.swift */,
				A1000045 /* KanbanCardContextMenu.swift */,
				A1000046 /* KanbanCardContent.swift */,
				A1000048 /* StatusColumnFilterView.swift */,
			);
			path = Kanban;
			sourceTree = "<group>";
		};
		A3000008 /* Shared */ = {
			isa = PBXGroup;
			children = (
				A1000025 /* AddProjectItemView.swift */,
				A1000038 /* CommandPaletteView.swift */,
				A1000037 /* EngineeringSignalsView.swift */,
				A1000043 /* GitHubHTMLBodyView.swift */,
				A1000040 /* ItemDescriptionView.swift */,
				A1000026 /* ItemInspectorView.swift */,
				A1000041 /* ItemPropertiesView.swift */,
				A1000051 /* IssueRelationEditorView.swift */,
				A1000042 /* ProjectFieldEditor.swift */,
				A1000015 /* OperationErrorBanner.swift */,
			);
			path = Shared;
			sourceTree = "<group>";
		};
		A3000009 /* Resources */ = {
			isa = PBXGroup;
			children = (
				A1000047 /* AppIcon.icon */,
			);
			path = Resources;
			sourceTree = "<group>";
		};
		A3000010 /* Products */ = {
			isa = PBXGroup;
			children = (
				A1000000 /* GitBoard.app */,
				A1000024 /* GitBoardTests.xctest */,
			);
			name = Products;
			sourceTree = "<group>";
		};
		A3000011 /* Settings */ = {
			isa = PBXGroup;
			children = (
				A1000058 /* AutomationConnectionList.swift */,
				A1000056 /* AutomationConfigurationForm.swift */,
				A1000055 /* AutomationSettingsView.swift */,
				A1000019 /* SettingsView.swift */,
				A1000057 /* StatusOptionPicker.swift */,
			);
			path = Settings;
			sourceTree = "<group>";
		};
		A3000013 /* GitBoardTests */ = {
			isa = PBXGroup;
			children = (
				A1000023 /* Services/GitHubServiceTests.swift */,
				A1000059 /* Store/AutomationSetupModelTests.swift */,
			);
			path = GitBoardTests;
			sourceTree = "<group>";
		};
		A3000014 /* MyWork */ = {
			isa = PBXGroup;
			children = (
				A1000030 /* MainWorkspaceView.swift */,
				A1000031 /* MyWorkView.swift */,
			);
			path = MyWork;
			sourceTree = "<group>";
		};
/* End PBXGroup section */

/* Begin PBXNativeTarget section */
		A4000001 /* GitBoard */ = {
			isa = PBXNativeTarget;
			buildConfigurationList = A5000003 /* Build configuration list for PBXNativeTarget "GitBoard" */;
			buildPhases = (
				A2000002 /* Sources */,
				A2000001 /* Frameworks */,
				A2000003 /* Resources */,
			);
			buildRules = (
			);
			dependencies = (
			);
			name = GitBoard;
			packageProductDependencies = (
				A6000001 /* Sparkle */,
			);
			productName = GitBoard;
			productReference = A1000000 /* GitBoard.app */;
			productType = "com.apple.product-type.application";
		};
		A4000002 /* GitBoardTests */ = {
			isa = PBXNativeTarget;
			buildConfigurationList = A5000009 /* Build configuration list for PBXNativeTarget "GitBoardTests" */;
			buildPhases = (
				A2000005 /* Sources */,
				A2000004 /* Frameworks */,
				A2000006 /* Resources */,
			);
			buildRules = (
			);
			dependencies = (
				A7000001 /* PBXTargetDependency */,
			);
			name = GitBoardTests;
			productName = GitBoardTests;
			productReference = A1000024 /* GitBoardTests.xctest */;
			productType = "com.apple.product-type.bundle.unit-test";
		};
/* End PBXNativeTarget section */

/* Begin PBXProject section */
		A4000000 /* Project object */ = {
			isa = PBXProject;
			attributes = {
				BuildIndependentTargetsInParallel = 1;
				LastSwiftUpdateCheck = 1500;
				LastUpgradeCheck = 2650;
				TargetAttributes = {
					A4000001 = {
						CreatedOnToolsVersion = 15.0;
					};
					A4000002 = {
						CreatedOnToolsVersion = 26.0;
						TestTargetID = A4000001;
					};
				};
			};
			buildConfigurationList = A5000001 /* Build configuration list for PBXProject "GitBoard" */;
			compatibilityVersion = "Xcode 14.0";
			developmentRegion = en;
			hasScannedForEncodings = 0;
			knownRegions = (
				en,
				Base,
			);
			mainGroup = A3000000;
			packageReferences = (
				A6000000 /* XCRemoteSwiftPackageReference "Sparkle" */,
			);
			productRefGroup = A3000010 /* Products */;
			projectDirPath = "";
			projectRoot = "";
			targets = (
				A4000001 /* GitBoard */,
				A4000002 /* GitBoardTests */,
			);
		};
/* End PBXProject section */

/* Begin PBXResourcesBuildPhase section */
		A2000003 /* Resources */ = {
			isa = PBXResourcesBuildPhase;
			buildActionMask = 2147483647;
			files = (
				A0000047 /* AppIcon.icon in Resources */,
			);
			runOnlyForDeploymentPostprocessing = 0;
		};
		A2000006 /* Resources */ = {
			isa = PBXResourcesBuildPhase;
			buildActionMask = 2147483647;
			files = (
			);
			runOnlyForDeploymentPostprocessing = 0;
		};
/* End PBXResourcesBuildPhase section */

/* Begin PBXSourcesBuildPhase section */
		A2000002 /* Sources */ = {
			isa = PBXSourcesBuildPhase;
			buildActionMask = 2147483647;
			files = (
				A0000001 /* GitBoardApp.swift in Sources */,
				A0000052 /* AutomationService.swift in Sources */,
				A0000053 /* ManagementTokenStore.swift in Sources */,
				A0000054 /* AutomationSetupModel.swift in Sources */,
				A0000055 /* AutomationSettingsView.swift in Sources */,
				A0000056 /* AutomationConfigurationForm.swift in Sources */,
				A0000057 /* StatusOptionPicker.swift in Sources */,
				A0000058 /* AutomationConnectionList.swift in Sources */,
				A0000044 /* WorkspaceCommandContext.swift in Sources */,
				A0000033 /* Monitoring.swift in Sources */,
				A0000035 /* QuickCreate.swift in Sources */,
				A0000002 /* Project.swift in Sources */,
				A0000003 /* ProjectItem.swift in Sources */,
				A0000039 /* ProjectItemDetail.swift in Sources */,
				A0000004 /* StatusOption.swift in Sources */,
				A0000005 /* GitHubService.swift in Sources */,
				A0000022 /* GitHubCommandRunner.swift in Sources */,
				A0000036 /* GlobalHotKeyController.swift in Sources */,
				A0000027 /* ProjectCache.swift in Sources */,
				A0000028 /* MyWork.swift in Sources */,
				A0000006 /* GraphQLQueries.swift in Sources */,
				A0000007 /* NotificationService.swift in Sources */,
				A0000008 /* ProjectStore.swift in Sources */,
				A0000029 /* MyWorkStore.swift in Sources */,
				A0000032 /* GitBoardModel.swift in Sources */,
				A0000034 /* ProjectMonitor.swift in Sources */,
				A0000009 /* MenuBarPopoverView.swift in Sources */,
				A0000010 /* ProjectSelectorView.swift in Sources */,
				A0000012 /* KanbanBoardView.swift in Sources */,
				A0000045 /* KanbanCardContextMenu.swift in Sources */,
				A0000046 /* KanbanCardContent.swift in Sources */,
				A0000048 /* StatusColumnFilterView.swift in Sources */,
				A0000049 /* MenuBarItemRow.swift in Sources */,
				A0000050 /* KanbanItemViews.swift in Sources */,
				A0000030 /* MainWorkspaceView.swift in Sources */,
				A0000031 /* MyWorkView.swift in Sources */,
				A0000025 /* AddProjectItemView.swift in Sources */,
				A0000038 /* CommandPaletteView.swift in Sources */,
				A0000037 /* EngineeringSignalsView.swift in Sources */,
				A0000043 /* GitHubHTMLBodyView.swift in Sources */,
				A0000040 /* ItemDescriptionView.swift in Sources */,
				A0000026 /* ItemInspectorView.swift in Sources */,
				A0000041 /* ItemPropertiesView.swift in Sources */,
				A0000051 /* IssueRelationEditorView.swift in Sources */,
				A0000042 /* ProjectFieldEditor.swift in Sources */,
				A0000015 /* OperationErrorBanner.swift in Sources */,
				A0000019 /* SettingsView.swift in Sources */,
				A0000020 /* UpdateController.swift in Sources */,
			);
			runOnlyForDeploymentPostprocessing = 0;
		};
		A2000005 /* Sources */ = {
			isa = PBXSourcesBuildPhase;
			buildActionMask = 2147483647;
			files = (
				A0000023 /* Services/GitHubServiceTests.swift in Sources */,
				A0000059 /* Store/AutomationSetupModelTests.swift in Sources */,
			);
			runOnlyForDeploymentPostprocessing = 0;
		};
/* End PBXSourcesBuildPhase section */

/* Begin PBXTargetDependency section */
		A7000001 /* PBXTargetDependency */ = {
			isa = PBXTargetDependency;
			target = A4000001 /* GitBoard */;
			targetProxy = A7000000 /* PBXContainerItemProxy */;
		};
/* End PBXTargetDependency section */

/* Begin XCBuildConfiguration section */
		A5000002 /* Debug */ = {
			isa = XCBuildConfiguration;
			buildSettings = {
				ALWAYS_SEARCH_USER_PATHS = NO;
				ASSETCATALOG_COMPILER_GENERATE_SWIFT_ASSET_SYMBOL_EXTENSIONS = YES;
				CLANG_ANALYZER_NONNULL = YES;
				CLANG_ANALYZER_NUMBER_OBJECT_CONVERSION = YES_AGGRESSIVE;
				CLANG_CXX_LANGUAGE_STANDARD = "gnu++20";
				CLANG_ENABLE_MODULES = YES;
				CLANG_ENABLE_OBJC_ARC = YES;
				CLANG_ENABLE_OBJC_WEAK = YES;
				CLANG_WARN_BLOCK_CAPTURE_AUTORELEASING = YES;
				CLANG_WARN_BOOL_CONVERSION = YES;
				CLANG_WARN_COMMA = YES;
				CLANG_WARN_CONSTANT_CONVERSION = YES;
				CLANG_WARN_DEPRECATED_OBJC_IMPLEMENTATIONS = YES;
				CLANG_WARN_DIRECT_OBJC_ISA_USAGE = YES_ERROR;
				CLANG_WARN_DOCUMENTATION_COMMENTS = YES;
				CLANG_WARN_EMPTY_BODY = YES;
				CLANG_WARN_ENUM_CONVERSION = YES;
				CLANG_WARN_INFINITE_RECURSION = YES;
				CLANG_WARN_INT_CONVERSION = YES;
				CLANG_WARN_NON_LITERAL_NULL_CONVERSION = YES;
				CLANG_WARN_OBJC_IMPLICIT_RETAIN_SELF = YES;
				CLANG_WARN_OBJC_LITERAL_CONVERSION = YES;
				CLANG_WARN_OBJC_ROOT_CLASS = YES_ERROR;
				CLANG_WARN_QUOTED_INCLUDE_IN_FRAMEWORK_HEADER = YES;
				CLANG_WARN_RANGE_LOOP_ANALYSIS = YES;
				CLANG_WARN_STRICT_PROTOTYPES = YES;
				CLANG_WARN_SUSPICIOUS_MOVE = YES;
				CLANG_WARN_UNGUARDED_AVAILABILITY = YES_AGGRESSIVE;
				CLANG_WARN_UNREACHABLE_CODE = YES;
				CLANG_WARN__DUPLICATE_METHOD_MATCH = YES;
				COPY_PHASE_STRIP = NO;
				DEAD_CODE_STRIPPING = YES;
				DEBUG_INFORMATION_FORMAT = dwarf;
				ENABLE_STRICT_OBJC_MSGSEND = YES;
				ENABLE_TESTABILITY = YES;
				ENABLE_USER_SCRIPT_SANDBOXING = YES;
				GCC_C_LANGUAGE_STANDARD = gnu17;
				GCC_DYNAMIC_NO_PIC = NO;
				GCC_NO_COMMON_BLOCKS = YES;
				GCC_OPTIMIZATION_LEVEL = 0;
				GCC_PREPROCESSOR_DEFINITIONS = (
					"DEBUG=1",
					"$(inherited)",
				);
				GCC_WARN_64_TO_32_BIT_CONVERSION = YES;
				GCC_WARN_ABOUT_RETURN_TYPE = YES_ERROR;
				GCC_WARN_UNDECLARED_SELECTOR = YES;
				GCC_WARN_UNINITIALIZED_AUTOS = YES_AGGRESSIVE;
				GCC_WARN_UNUSED_FUNCTION = YES;
				GCC_WARN_UNUSED_VARIABLE = YES;
				LOCALIZATION_PREFERS_STRING_CATALOGS = YES;
				MACOSX_DEPLOYMENT_TARGET = 14.0;
				MTL_ENABLE_DEBUG_INFO = INCLUDE_SOURCE;
				MTL_FAST_MATH = YES;
				ONLY_ACTIVE_ARCH = YES;
				SDKROOT = macosx;
				STRING_CATALOG_GENERATE_SYMBOLS = YES;
				SWIFT_ACTIVE_COMPILATION_CONDITIONS = "DEBUG $(inherited)";
				SWIFT_OPTIMIZATION_LEVEL = "-Onone";
			};
			name = Debug;
		};
		A5000004 /* Release */ = {
			isa = XCBuildConfiguration;
			buildSettings = {
				ALWAYS_SEARCH_USER_PATHS = NO;
				ASSETCATALOG_COMPILER_GENERATE_SWIFT_ASSET_SYMBOL_EXTENSIONS = YES;
				CLANG_ANALYZER_NONNULL = YES;
				CLANG_ANALYZER_NUMBER_OBJECT_CONVERSION = YES_AGGRESSIVE;
				CLANG_CXX_LANGUAGE_STANDARD = "gnu++20";
				CLANG_ENABLE_MODULES = YES;
				CLANG_ENABLE_OBJC_ARC = YES;
				CLANG_ENABLE_OBJC_WEAK = YES;
				CLANG_WARN_BLOCK_CAPTURE_AUTORELEASING = YES;
				CLANG_WARN_BOOL_CONVERSION = YES;
				CLANG_WARN_COMMA = YES;
				CLANG_WARN_CONSTANT_CONVERSION = YES;
				CLANG_WARN_DEPRECATED_OBJC_IMPLEMENTATIONS = YES;
				CLANG_WARN_DIRECT_OBJC_ISA_USAGE = YES_ERROR;
				CLANG_WARN_DOCUMENTATION_COMMENTS = YES;
				CLANG_WARN_EMPTY_BODY = YES;
				CLANG_WARN_ENUM_CONVERSION = YES;
				CLANG_WARN_INFINITE_RECURSION = YES;
				CLANG_WARN_INT_CONVERSION = YES;
				CLANG_WARN_NON_LITERAL_NULL_CONVERSION = YES;
				CLANG_WARN_OBJC_IMPLICIT_RETAIN_SELF = YES;
				CLANG_WARN_OBJC_LITERAL_CONVERSION = YES;
				CLANG_WARN_OBJC_ROOT_CLASS = YES_ERROR;
				CLANG_WARN_QUOTED_INCLUDE_IN_FRAMEWORK_HEADER = YES;
				CLANG_WARN_RANGE_LOOP_ANALYSIS = YES;
				CLANG_WARN_STRICT_PROTOTYPES = YES;
				CLANG_WARN_SUSPICIOUS_MOVE = YES;
				CLANG_WARN_UNGUARDED_AVAILABILITY = YES_AGGRESSIVE;
				CLANG_WARN_UNREACHABLE_CODE = YES;
				CLANG_WARN__DUPLICATE_METHOD_MATCH = YES;
				COPY_PHASE_STRIP = NO;
				DEAD_CODE_STRIPPING = YES;
				DEBUG_INFORMATION_FORMAT = "dwarf-with-dsym";
				ENABLE_NS_ASSERTIONS = NO;
				ENABLE_STRICT_OBJC_MSGSEND = YES;
				ENABLE_USER_SCRIPT_SANDBOXING = YES;
				GCC_C_LANGUAGE_STANDARD = gnu17;
				GCC_NO_COMMON_BLOCKS = YES;
				GCC_WARN_64_TO_32_BIT_CONVERSION = YES;
				GCC_WARN_ABOUT_RETURN_TYPE = YES_ERROR;
				GCC_WARN_UNDECLARED_SELECTOR = YES;
				GCC_WARN_UNINITIALIZED_AUTOS = YES_AGGRESSIVE;
				GCC_WARN_UNUSED_FUNCTION = YES;
				GCC_WARN_UNUSED_VARIABLE = YES;
				LOCALIZATION_PREFERS_STRING_CATALOGS = YES;
				MACOSX_DEPLOYMENT_TARGET = 14.0;
				MTL_ENABLE_DEBUG_INFO = NO;
				MTL_FAST_MATH = YES;
				SDKROOT = macosx;
				STRING_CATALOG_GENERATE_SYMBOLS = YES;
				SWIFT_COMPILATION_MODE = wholemodule;
			};
			name = Release;
		};
		A5000005 /* Debug */ = {
			isa = XCBuildConfiguration;
			buildSettings = {
				ASSETCATALOG_COMPILER_APPICON_NAME = AppIcon;
				CODE_SIGN_ENTITLEMENTS = GitBoard/GitBoard.entitlements;
				CODE_SIGN_STYLE = Automatic;
				COMBINE_HIDPI_IMAGES = YES;
				CURRENT_PROJECT_VERSION = 1;
				DEAD_CODE_STRIPPING = YES;
				DEVELOPMENT_TEAM = "";
				ENABLE_HARDENED_RUNTIME = YES;
				GENERATE_INFOPLIST_FILE = NO;
				INFOPLIST_FILE = GitBoard/Info.plist;
				INFOPLIST_KEY_LSApplicationCategoryType = "public.app-category.developer-tools";
				INFOPLIST_KEY_NSHumanReadableCopyright = "";
				LD_RUNPATH_SEARCH_PATHS = (
					"$(inherited)",
					"@executable_path/../Frameworks",
				);
				MARKETING_VERSION = 1.0;
				PRODUCT_BUNDLE_IDENTIFIER = com.gitboard.app;
				PRODUCT_NAME = "$(TARGET_NAME)";
				SWIFT_EMIT_LOC_STRINGS = YES;
				SWIFT_STRICT_CONCURRENCY = complete;
				SWIFT_VERSION = 5.0;
			};
			name = Debug;
		};
		A5000006 /* Release */ = {
			isa = XCBuildConfiguration;
			buildSettings = {
				ASSETCATALOG_COMPILER_APPICON_NAME = AppIcon;
				CODE_SIGN_ENTITLEMENTS = GitBoard/GitBoard.entitlements;
				CODE_SIGN_STYLE = Automatic;
				COMBINE_HIDPI_IMAGES = YES;
				CURRENT_PROJECT_VERSION = 1;
				DEAD_CODE_STRIPPING = YES;
				DEVELOPMENT_TEAM = "";
				ENABLE_HARDENED_RUNTIME = YES;
				GENERATE_INFOPLIST_FILE = NO;
				INFOPLIST_FILE = GitBoard/Info.plist;
				INFOPLIST_KEY_LSApplicationCategoryType = "public.app-category.developer-tools";
				INFOPLIST_KEY_NSHumanReadableCopyright = "";
				LD_RUNPATH_SEARCH_PATHS = (
					"$(inherited)",
					"@executable_path/../Frameworks",
				);
				MARKETING_VERSION = 1.0;
				PRODUCT_BUNDLE_IDENTIFIER = com.gitboard.app;
				PRODUCT_NAME = "$(TARGET_NAME)";
				SWIFT_EMIT_LOC_STRINGS = YES;
				SWIFT_STRICT_CONCURRENCY = complete;
				SWIFT_VERSION = 5.0;
			};
			name = Release;
		};
		A5000007 /* Debug */ = {
			isa = XCBuildConfiguration;
			buildSettings = {
				BUNDLE_LOADER = "$(TEST_HOST)";
				CODE_SIGN_STYLE = Automatic;
				DEAD_CODE_STRIPPING = YES;
				GENERATE_INFOPLIST_FILE = YES;
				MACOSX_DEPLOYMENT_TARGET = 14.0;
				PRODUCT_BUNDLE_IDENTIFIER = com.gitboard.tests;
				PRODUCT_NAME = "$(TARGET_NAME)";
				SWIFT_STRICT_CONCURRENCY = complete;
				SWIFT_VERSION = 5.0;
				TEST_HOST = "$(BUILT_PRODUCTS_DIR)/GitBoard.app/Contents/MacOS/GitBoard";
			};
			name = Debug;
		};
		A5000008 /* Release */ = {
			isa = XCBuildConfiguration;
			buildSettings = {
				BUNDLE_LOADER = "$(TEST_HOST)";
				CODE_SIGN_STYLE = Automatic;
				DEAD_CODE_STRIPPING = YES;
				GENERATE_INFOPLIST_FILE = YES;
				MACOSX_DEPLOYMENT_TARGET = 14.0;
				PRODUCT_BUNDLE_IDENTIFIER = com.gitboard.tests;
				PRODUCT_NAME = "$(TARGET_NAME)";
				SWIFT_STRICT_CONCURRENCY = complete;
				SWIFT_VERSION = 5.0;
				TEST_HOST = "$(BUILT_PRODUCTS_DIR)/GitBoard.app/Contents/MacOS/GitBoard";
			};
			name = Release;
		};
/* End XCBuildConfiguration section */

/* Begin XCConfigurationList section */
		A5000001 /* Build configuration list for PBXProject "GitBoard" */ = {
			isa = XCConfigurationList;
			buildConfigurations = (
				A5000002 /* Debug */,
				A5000004 /* Release */,
			);
			defaultConfigurationIsVisible = 0;
			defaultConfigurationName = Release;
		};
		A5000003 /* Build configuration list for PBXNativeTarget "GitBoard" */ = {
			isa = XCConfigurationList;
			buildConfigurations = (
				A5000005 /* Debug */,
				A5000006 /* Release */,
			);
			defaultConfigurationIsVisible = 0;
			defaultConfigurationName = Release;
		};
		A5000009 /* Build configuration list for PBXNativeTarget "GitBoardTests" */ = {
			isa = XCConfigurationList;
			buildConfigurations = (
				A5000007 /* Debug */,
				A5000008 /* Release */,
			);
			defaultConfigurationIsVisible = 0;
			defaultConfigurationName = Release;
		};
/* End XCConfigurationList section */

/* Begin XCRemoteSwiftPackageReference section */
		A6000000 /* XCRemoteSwiftPackageReference "Sparkle" */ = {
			isa = XCRemoteSwiftPackageReference;
			repositoryURL = "https://github.com/sparkle-project/Sparkle";
			requirement = {
				kind = upToNextMajorVersion;
				minimumVersion = 2.6.0;
			};
		};
/* End XCRemoteSwiftPackageReference section */

/* Begin XCSwiftPackageProductDependency section */
		A6000001 /* Sparkle */ = {
			isa = XCSwiftPackageProductDependency;
			package = A6000000 /* XCRemoteSwiftPackageReference "Sparkle" */;
			productName = Sparkle;
		};
/* End XCSwiftPackageProductDependency section */
	};
	rootObject = A4000000 /* Project object */;
}
